PODS:
  - SATrackingSDKStandard (1.2.6)

DEPENDENCIES:
  - SATrackingSDKStandard (from `./`)

EXTERNAL SOURCES:
  SATrackingSDKStandard:
    :path: "./"

SPEC CHECKSUMS:
  SATrackingSDKStandard: 87d61d29150e68f0228710ad6f5e0ad2200085b9

PODFILE CHECKSUM: 22ea8e71519e37045dc9f6c9233146fad3bfb85c

COCOAPODS: 1.12.0
