PODS:
  - SATrackingSDKStandard (1.2.2)

DEPENDENCIES:
  - SATrackingSDKStandard (from `./`)

EXTERNAL SOURCES:
  SATrackingSDKStandard:
    :path: "./"

SPEC CHECKSUMS:
  SATrackingSDKStandard: 7a2b725b4cb295b85d79013ae41d0a04ae308f90

PODFILE CHECKSUM: 22ea8e71519e37045dc9f6c9233146fad3bfb85c

COCOAPODS: 1.12.0
