PODS:
  - SATrackingSDKStandard (1.2.1)

DEPENDENCIES:
  - SATrackingSDKStandard (from `./`)

EXTERNAL SOURCES:
  SATrackingSDKStandard:
    :path: "./"

SPEC CHECKSUMS:
  SATrackingSDKStandard: ce2709e4581100d8e52299010a70c6d74c65fd79

PODFILE CHECKSUM: 22ea8e71519e37045dc9f6c9233146fad3bfb85c

COCOAPODS: 1.11.3
