// !$*UTF8*$!
{
	archiveVersion = 1;
	classes = {
	};
	objectVersion = 55;
	objects = {

/* Begin PBXBuildFile section */
		105B7BCC298A62D50006805F /* AppDelegate.swift in Sources */ = {isa = PBXBuildFile; fileRef = 105B7BCB298A62D50006805F /* AppDelegate.swift */; };
		105B7BD0298A62D50006805F /* ViewController.swift in Sources */ = {isa = PBXBuildFile; fileRef = 105B7BCF298A62D50006805F /* ViewController.swift */; };
		105B7BD3298A62D50006805F /* Main.storyboard in Resources */ = {isa = PBXBuildFile; fileRef = 105B7BD1298A62D50006805F /* Main.storyboard */; };
		105B7BD5298A62D60006805F /* Assets.xcassets in Resources */ = {isa = PBXBuildFile; fileRef = 105B7BD4298A62D60006805F /* Assets.xcassets */; };
		105B7BD8298A62D60006805F /* LaunchScreen.storyboard in Resources */ = {isa = PBXBuildFile; fileRef = 105B7BD6298A62D60006805F /* LaunchScreen.storyboard */; };
		105B7BE1298A86740006805F /* SATrackingSDKStandard.framework in Frameworks */ = {isa = PBXBuildFile; fileRef = 105B7BE0298A86740006805F /* SATrackingSDKStandard.framework */; };
		105B7BE2298A86740006805F /* SATrackingSDKStandard.framework in Embed Frameworks */ = {isa = PBXBuildFile; fileRef = 105B7BE0298A86740006805F /* SATrackingSDKStandard.framework */; settings = {ATTRIBUTES = (CodeSignOnCopy, RemoveHeadersOnCopy, ); }; };
		CD463600471D557E897218A5 /* Pods_SATrackingSDKStandardExample.framework in Frameworks */ = {isa = PBXBuildFile; fileRef = 1E20623230C07380BCC04C37 /* Pods_SATrackingSDKStandardExample.framework */; };
/* End PBXBuildFile section */

/* Begin PBXCopyFilesBuildPhase section */
		105B7BE3298A86740006805F /* Embed Frameworks */ = {
			isa = PBXCopyFilesBuildPhase;
			buildActionMask = 2147483647;
			dstPath = "";
			dstSubfolderSpec = 10;
			files = (
				105B7BE2298A86740006805F /* SATrackingSDKStandard.framework in Embed Frameworks */,
			);
			name = "Embed Frameworks";
			runOnlyForDeploymentPostprocessing = 0;
		};
/* End PBXCopyFilesBuildPhase section */

/* Begin PBXFileReference section */
		0E9360725F088925EA2BA02C /* Pods-SATrackingSDKStandardExample.release.xcconfig */ = {isa = PBXFileReference; includeInIndex = 1; lastKnownFileType = text.xcconfig; name = "Pods-SATrackingSDKStandardExample.release.xcconfig"; path = "Target Support Files/Pods-SATrackingSDKStandardExample/Pods-SATrackingSDKStandardExample.release.xcconfig"; sourceTree = "<group>"; };
		105B7BC8298A62D50006805F /* SATrackingSDKStandardExample.app */ = {isa = PBXFileReference; explicitFileType = wrapper.application; includeInIndex = 0; path = SATrackingSDKStandardExample.app; sourceTree = BUILT_PRODUCTS_DIR; };
		105B7BCB298A62D50006805F /* AppDelegate.swift */ = {isa = PBXFileReference; lastKnownFileType = sourcecode.swift; path = AppDelegate.swift; sourceTree = "<group>"; };
		105B7BCF298A62D50006805F /* ViewController.swift */ = {isa = PBXFileReference; lastKnownFileType = sourcecode.swift; path = ViewController.swift; sourceTree = "<group>"; };
		105B7BD2298A62D50006805F /* Base */ = {isa = PBXFileReference; lastKnownFileType = file.storyboard; name = Base; path = Base.lproj/Main.storyboard; sourceTree = "<group>"; };
		105B7BD4298A62D60006805F /* Assets.xcassets */ = {isa = PBXFileReference; lastKnownFileType = folder.assetcatalog; path = Assets.xcassets; sourceTree = "<group>"; };
		105B7BD7298A62D60006805F /* Base */ = {isa = PBXFileReference; lastKnownFileType = file.storyboard; name = Base; path = Base.lproj/LaunchScreen.storyboard; sourceTree = "<group>"; };
		105B7BD9298A62D60006805F /* Info.plist */ = {isa = PBXFileReference; lastKnownFileType = text.plist.xml; path = Info.plist; sourceTree = "<group>"; };
		105B7BE0298A86740006805F /* SATrackingSDKStandard.framework */ = {isa = PBXFileReference; explicitFileType = wrapper.framework; path = SATrackingSDKStandard.framework; sourceTree = BUILT_PRODUCTS_DIR; };
		1E20623230C07380BCC04C37 /* Pods_SATrackingSDKStandardExample.framework */ = {isa = PBXFileReference; explicitFileType = wrapper.framework; includeInIndex = 0; path = Pods_SATrackingSDKStandardExample.framework; sourceTree = BUILT_PRODUCTS_DIR; };
		E1976170184615CD8C869545 /* Pods-SATrackingSDKStandardExample.debug.xcconfig */ = {isa = PBXFileReference; includeInIndex = 1; lastKnownFileType = text.xcconfig; name = "Pods-SATrackingSDKStandardExample.debug.xcconfig"; path = "Target Support Files/Pods-SATrackingSDKStandardExample/Pods-SATrackingSDKStandardExample.debug.xcconfig"; sourceTree = "<group>"; };
/* End PBXFileReference section */

/* Begin PBXFrameworksBuildPhase section */
		105B7BC5298A62D50006805F /* Frameworks */ = {
			isa = PBXFrameworksBuildPhase;
			buildActionMask = 2147483647;
			files = (
				105B7BE1298A86740006805F /* SATrackingSDKStandard.framework in Frameworks */,
				CD463600471D557E897218A5 /* Pods_SATrackingSDKStandardExample.framework in Frameworks */,
			);
			runOnlyForDeploymentPostprocessing = 0;
		};
/* End PBXFrameworksBuildPhase section */

/* Begin PBXGroup section */
		105B7BBF298A62D50006805F = {
			isa = PBXGroup;
			children = (
				105B7BCA298A62D50006805F /* SATrackingSDKStandardExample */,
				105B7BC9298A62D50006805F /* Products */,
				105B7BDF298A86740006805F /* Frameworks */,
				B9C488968B5F8C6BE3CD3B8E /* Pods */,
			);
			sourceTree = "<group>";
		};
		105B7BC9298A62D50006805F /* Products */ = {
			isa = PBXGroup;
			children = (
				105B7BC8298A62D50006805F /* SATrackingSDKStandardExample.app */,
			);
			name = Products;
			sourceTree = "<group>";
		};
		105B7BCA298A62D50006805F /* SATrackingSDKStandardExample */ = {
			isa = PBXGroup;
			children = (
				105B7BCB298A62D50006805F /* AppDelegate.swift */,
				105B7BCF298A62D50006805F /* ViewController.swift */,
				105B7BD1298A62D50006805F /* Main.storyboard */,
				105B7BD4298A62D60006805F /* Assets.xcassets */,
				105B7BD6298A62D60006805F /* LaunchScreen.storyboard */,
				105B7BD9298A62D60006805F /* Info.plist */,
			);
			path = SATrackingSDKStandardExample;
			sourceTree = "<group>";
		};
		105B7BDF298A86740006805F /* Frameworks */ = {
			isa = PBXGroup;
			children = (
				105B7BE0298A86740006805F /* SATrackingSDKStandard.framework */,
				1E20623230C07380BCC04C37 /* Pods_SATrackingSDKStandardExample.framework */,
			);
			name = Frameworks;
			sourceTree = "<group>";
		};
		B9C488968B5F8C6BE3CD3B8E /* Pods */ = {
			isa = PBXGroup;
			children = (
				E1976170184615CD8C869545 /* Pods-SATrackingSDKStandardExample.debug.xcconfig */,
				0E9360725F088925EA2BA02C /* Pods-SATrackingSDKStandardExample.release.xcconfig */,
			);
			name = Pods;
			path = ../Pods;
			sourceTree = "<group>";
		};
/* End PBXGroup section */

/* Begin PBXNativeTarget section */
		105B7BC7298A62D50006805F /* SATrackingSDKStandardExample */ = {
			isa = PBXNativeTarget;
			buildConfigurationList = 105B7BDC298A62D60006805F /* Build configuration list for PBXNativeTarget "SATrackingSDKStandardExample" */;
			buildPhases = (
				30FA7B90D8DE8FB930EC0F29 /* [CP] Check Pods Manifest.lock */,
				105B7BC4298A62D50006805F /* Sources */,
				105B7BC5298A62D50006805F /* Frameworks */,
				105B7BC6298A62D50006805F /* Resources */,
				105B7BE3298A86740006805F /* Embed Frameworks */,
				72DD6E3BBF3EE895076DA60C /* [CP] Embed Pods Frameworks */,
			);
			buildRules = (
			);
			dependencies = (
			);
			name = SATrackingSDKStandardExample;
			productName = SATrackingSDKStandardExample;
			productReference = 105B7BC8298A62D50006805F /* SATrackingSDKStandardExample.app */;
			productType = "com.apple.product-type.application";
		};
/* End PBXNativeTarget section */

/* Begin PBXProject section */
		105B7BC0298A62D50006805F /* Project object */ = {
			isa = PBXProject;
			attributes = {
				BuildIndependentTargetsInParallel = 1;
				LastSwiftUpdateCheck = 1420;
				LastUpgradeCheck = 1420;
				TargetAttributes = {
					105B7BC7298A62D50006805F = {
						CreatedOnToolsVersion = 14.2;
					};
				};
			};
			buildConfigurationList = 105B7BC3298A62D50006805F /* Build configuration list for PBXProject "SATrackingSDKStandardExample" */;
			compatibilityVersion = "Xcode 13.0";
			developmentRegion = en;
			hasScannedForEncodings = 0;
			knownRegions = (
				en,
				Base,
			);
			mainGroup = 105B7BBF298A62D50006805F;
			productRefGroup = 105B7BC9298A62D50006805F /* Products */;
			projectDirPath = "";
			projectRoot = "";
			targets = (
				105B7BC7298A62D50006805F /* SATrackingSDKStandardExample */,
			);
		};
/* End PBXProject section */

/* Begin PBXResourcesBuildPhase section */
		105B7BC6298A62D50006805F /* Resources */ = {
			isa = PBXResourcesBuildPhase;
			buildActionMask = 2147483647;
			files = (
				105B7BD8298A62D60006805F /* LaunchScreen.storyboard in Resources */,
				105B7BD5298A62D60006805F /* Assets.xcassets in Resources */,
				105B7BD3298A62D50006805F /* Main.storyboard in Resources */,
			);
			runOnlyForDeploymentPostprocessing = 0;
		};
/* End PBXResourcesBuildPhase section */

/* Begin PBXShellScriptBuildPhase section */
		30FA7B90D8DE8FB930EC0F29 /* [CP] Check Pods Manifest.lock */ = {
			isa = PBXShellScriptBuildPhase;
			buildActionMask = 2147483647;
			files = (
			);
			inputFileListPaths = (
			);
			inputPaths = (
				"${PODS_PODFILE_DIR_PATH}/Podfile.lock",
				"${PODS_ROOT}/Manifest.lock",
			);
			name = "[CP] Check Pods Manifest.lock";
			outputFileListPaths = (
			);
			outputPaths = (
				"$(DERIVED_FILE_DIR)/Pods-SATrackingSDKStandardExample-checkManifestLockResult.txt",
			);
			runOnlyForDeploymentPostprocessing = 0;
			shellPath = /bin/sh;
			shellScript = "diff \"${PODS_PODFILE_DIR_PATH}/Podfile.lock\" \"${PODS_ROOT}/Manifest.lock\" > /dev/null\nif [ $? != 0 ] ; then\n    # print error to STDERR\n    echo \"error: The sandbox is not in sync with the Podfile.lock. Run 'pod install' or update your CocoaPods installation.\" >&2\n    exit 1\nfi\n# This output is used by Xcode 'outputs' to avoid re-running this script phase.\necho \"SUCCESS\" > \"${SCRIPT_OUTPUT_FILE_0}\"\n";
			showEnvVarsInLog = 0;
		};
		72DD6E3BBF3EE895076DA60C /* [CP] Embed Pods Frameworks */ = {
			isa = PBXShellScriptBuildPhase;
			buildActionMask = 2147483647;
			files = (
			);
			inputFileListPaths = (
				"${PODS_ROOT}/Target Support Files/Pods-SATrackingSDKStandardExample/Pods-SATrackingSDKStandardExample-frameworks-${CONFIGURATION}-input-files.xcfilelist",
			);
			name = "[CP] Embed Pods Frameworks";
			outputFileListPaths = (
				"${PODS_ROOT}/Target Support Files/Pods-SATrackingSDKStandardExample/Pods-SATrackingSDKStandardExample-frameworks-${CONFIGURATION}-output-files.xcfilelist",
			);
			runOnlyForDeploymentPostprocessing = 0;
			shellPath = /bin/sh;
			shellScript = "\"${PODS_ROOT}/Target Support Files/Pods-SATrackingSDKStandardExample/Pods-SATrackingSDKStandardExample-frameworks.sh\"\n";
			showEnvVarsInLog = 0;
		};
/* End PBXShellScriptBuildPhase section */

/* Begin PBXSourcesBuildPhase section */
		105B7BC4298A62D50006805F /* Sources */ = {
			isa = PBXSourcesBuildPhase;
			buildActionMask = 2147483647;
			files = (
				105B7BD0298A62D50006805F /* ViewController.swift in Sources */,
				105B7BCC298A62D50006805F /* AppDelegate.swift in Sources */,
			);
			runOnlyForDeploymentPostprocessing = 0;
		};
/* End PBXSourcesBuildPhase section */

/* Begin PBXVariantGroup section */
		105B7BD1298A62D50006805F /* Main.storyboard */ = {
			isa = PBXVariantGroup;
			children = (
				105B7BD2298A62D50006805F /* Base */,
			);
			name = Main.storyboard;
			sourceTree = "<group>";
		};
		105B7BD6298A62D60006805F /* LaunchScreen.storyboard */ = {
			isa = PBXVariantGroup;
			children = (
				105B7BD7298A62D60006805F /* Base */,
			);
			name = LaunchScreen.storyboard;
			sourceTree = "<group>";
		};
/* End PBXVariantGroup section */

/* Begin XCBuildConfiguration section */
		105B7BDA298A62D60006805F /* Debug */ = {
			isa = XCBuildConfiguration;
			buildSettings = {
				ALWAYS_SEARCH_USER_PATHS = NO;
				CLANG_ANALYZER_NONNULL = YES;
				CLANG_ANALYZER_NUMBER_OBJECT_CONVERSION = YES_AGGRESSIVE;
				CLANG_CXX_LANGUAGE_STANDARD = "gnu++20";
				CLANG_ENABLE_MODULES = YES;
				CLANG_ENABLE_OBJC_ARC = YES;
				CLANG_ENABLE_OBJC_WEAK = YES;
				CLANG_WARN_BLOCK_CAPTURE_AUTORELEASING = YES;
				CLANG_WARN_BOOL_CONVERSION = YES;
				CLANG_WARN_COMMA = YES;
				CLANG_WARN_CONSTANT_CONVERSION = YES;
				CLANG_WARN_DEPRECATED_OBJC_IMPLEMENTATIONS = YES;
				CLANG_WARN_DIRECT_OBJC_ISA_USAGE = YES_ERROR;
				CLANG_WARN_DOCUMENTATION_COMMENTS = YES;
				CLANG_WARN_EMPTY_BODY = YES;
				CLANG_WARN_ENUM_CONVERSION = YES;
				CLANG_WARN_INFINITE_RECURSION = YES;
				CLANG_WARN_INT_CONVERSION = YES;
				CLANG_WARN_NON_LITERAL_NULL_CONVERSION = YES;
				CLANG_WARN_OBJC_IMPLICIT_RETAIN_SELF = YES;
				CLANG_WARN_OBJC_LITERAL_CONVERSION = YES;
				CLANG_WARN_OBJC_ROOT_CLASS = YES_ERROR;
				CLANG_WARN_QUOTED_INCLUDE_IN_FRAMEWORK_HEADER = YES;
				CLANG_WARN_RANGE_LOOP_ANALYSIS = YES;
				CLANG_WARN_STRICT_PROTOTYPES = YES;
				CLANG_WARN_SUSPICIOUS_MOVE = YES;
				CLANG_WARN_UNGUARDED_AVAILABILITY = YES_AGGRESSIVE;
				CLANG_WARN_UNREACHABLE_CODE = YES;
				CLANG_WARN__DUPLICATE_METHOD_MATCH = YES;
				COPY_PHASE_STRIP = NO;
				DEBUG_INFORMATION_FORMAT = dwarf;
				ENABLE_STRICT_OBJC_MSGSEND = YES;
				ENABLE_TESTABILITY = YES;
				GCC_C_LANGUAGE_STANDARD = gnu11;
				GCC_DYNAMIC_NO_PIC = NO;
				GCC_NO_COMMON_BLOCKS = YES;
				GCC_OPTIMIZATION_LEVEL = 0;
				GCC_PREPROCESSOR_DEFINITIONS = (
					"DEBUG=1",
					"$(inherited)",
				);
				GCC_WARN_64_TO_32_BIT_CONVERSION = YES;
				GCC_WARN_ABOUT_RETURN_TYPE = YES_ERROR;
				GCC_WARN_UNDECLARED_SELECTOR = YES;
				GCC_WARN_UNINITIALIZED_AUTOS = YES_AGGRESSIVE;
				GCC_WARN_UNUSED_FUNCTION = YES;
				GCC_WARN_UNUSED_VARIABLE = YES;
				IPHONEOS_DEPLOYMENT_TARGET = 16.2;
				MTL_ENABLE_DEBUG_INFO = INCLUDE_SOURCE;
				MTL_FAST_MATH = YES;
				ONLY_ACTIVE_ARCH = YES;
				SDKROOT = iphoneos;
				SWIFT_ACTIVE_COMPILATION_CONDITIONS = DEBUG;
				SWIFT_OPTIMIZATION_LEVEL = "-Onone";
			};
			name = Debug;
		};
		105B7BDB298A62D60006805F /* Release */ = {
			isa = XCBuildConfiguration;
			buildSettings = {
				ALWAYS_SEARCH_USER_PATHS = NO;
				CLANG_ANALYZER_NONNULL = YES;
				CLANG_ANALYZER_NUMBER_OBJECT_CONVERSION = YES_AGGRESSIVE;
				CLANG_CXX_LANGUAGE_STANDARD = "gnu++20";
				CLANG_ENABLE_MODULES = YES;
				CLANG_ENABLE_OBJC_ARC = YES;
				CLANG_ENABLE_OBJC_WEAK = YES;
				CLANG_WARN_BLOCK_CAPTURE_AUTORELEASING = YES;
				CLANG_WARN_BOOL_CONVERSION = YES;
				CLANG_WARN_COMMA = YES;
				CLANG_WARN_CONSTANT_CONVERSION = YES;
				CLANG_WARN_DEPRECATED_OBJC_IMPLEMENTATIONS = YES;
				CLANG_WARN_DIRECT_OBJC_ISA_USAGE = YES_ERROR;
				CLANG_WARN_DOCUMENTATION_COMMENTS = YES;
				CLANG_WARN_EMPTY_BODY = YES;
				CLANG_WARN_ENUM_CONVERSION = YES;
				CLANG_WARN_INFINITE_RECURSION = YES;
				CLANG_WARN_INT_CONVERSION = YES;
				CLANG_WARN_NON_LITERAL_NULL_CONVERSION = YES;
				CLANG_WARN_OBJC_IMPLICIT_RETAIN_SELF = YES;
				CLANG_WARN_OBJC_LITERAL_CONVERSION = YES;
				CLANG_WARN_OBJC_ROOT_CLASS = YES_ERROR;
				CLANG_WARN_QUOTED_INCLUDE_IN_FRAMEWORK_HEADER = YES;
				CLANG_WARN_RANGE_LOOP_ANALYSIS = YES;
				CLANG_WARN_STRICT_PROTOTYPES = YES;
				CLANG_WARN_SUSPICIOUS_MOVE = YES;
				CLANG_WARN_UNGUARDED_AVAILABILITY = YES_AGGRESSIVE;
				CLANG_WARN_UNREACHABLE_CODE = YES;
				CLANG_WARN__DUPLICATE_METHOD_MATCH = YES;
				COPY_PHASE_STRIP = NO;
				DEBUG_INFORMATION_FORMAT = "dwarf-with-dsym";
				ENABLE_NS_ASSERTIONS = NO;
				ENABLE_STRICT_OBJC_MSGSEND = YES;
				GCC_C_LANGUAGE_STANDARD = gnu11;
				GCC_NO_COMMON_BLOCKS = YES;
				GCC_WARN_64_TO_32_BIT_CONVERSION = YES;
				GCC_WARN_ABOUT_RETURN_TYPE = YES_ERROR;
				GCC_WARN_UNDECLARED_SELECTOR = YES;
				GCC_WARN_UNINITIALIZED_AUTOS = YES_AGGRESSIVE;
				GCC_WARN_UNUSED_FUNCTION = YES;
				GCC_WARN_UNUSED_VARIABLE = YES;
				IPHONEOS_DEPLOYMENT_TARGET = 16.2;
				MTL_ENABLE_DEBUG_INFO = NO;
				MTL_FAST_MATH = YES;
				SDKROOT = iphoneos;
				SWIFT_COMPILATION_MODE = wholemodule;
				SWIFT_OPTIMIZATION_LEVEL = "-O";
				VALIDATE_PRODUCT = YES;
			};
			name = Release;
		};
		105B7BDD298A62D60006805F /* Debug */ = {
			isa = XCBuildConfiguration;
			baseConfigurationReference = E1976170184615CD8C869545 /* Pods-SATrackingSDKStandardExample.debug.xcconfig */;
			buildSettings = {
				ASSETCATALOG_COMPILER_APPICON_NAME = AppIcon;
				ASSETCATALOG_COMPILER_GLOBAL_ACCENT_COLOR_NAME = AccentColor;
				CODE_SIGN_STYLE = Automatic;
				CURRENT_PROJECT_VERSION = 0.1;
				DEVELOPMENT_TEAM = 99496FTLM8;
				GENERATE_INFOPLIST_FILE = YES;
				INFOPLIST_FILE = SATrackingSDKStandardExample/Info.plist;
				INFOPLIST_KEY_UIApplicationSupportsIndirectInputEvents = YES;
				INFOPLIST_KEY_UILaunchStoryboardName = LaunchScreen;
				INFOPLIST_KEY_UIMainStoryboardFile = Main;
				INFOPLIST_KEY_UISupportedInterfaceOrientations_iPad = "UIInterfaceOrientationPortrait UIInterfaceOrientationPortraitUpsideDown UIInterfaceOrientationLandscapeLeft UIInterfaceOrientationLandscapeRight";
				INFOPLIST_KEY_UISupportedInterfaceOrientations_iPhone = "UIInterfaceOrientationPortrait UIInterfaceOrientationLandscapeLeft UIInterfaceOrientationLandscapeRight";
				IPHONEOS_DEPLOYMENT_TARGET = 12.0;
				LD_RUNPATH_SEARCH_PATHS = (
					"$(inherited)",
					"@executable_path/Frameworks",
				);
				MARKETING_VERSION = 0.1;
				PRODUCT_BUNDLE_IDENTIFIER = tech.solutionarchitects.SATrackingSDKStandardExample;
				PRODUCT_NAME = "$(TARGET_NAME)";
				SWIFT_EMIT_LOC_STRINGS = YES;
				SWIFT_VERSION = 5.0;
				TARGETED_DEVICE_FAMILY = "1,2";
			};
			name = Debug;
		};
		105B7BDE298A62D60006805F /* Release */ = {
			isa = XCBuildConfiguration;
			baseConfigurationReference = 0E9360725F088925EA2BA02C /* Pods-SATrackingSDKStandardExample.release.xcconfig */;
			buildSettings = {
				ASSETCATALOG_COMPILER_APPICON_NAME = AppIcon;
				ASSETCATALOG_COMPILER_GLOBAL_ACCENT_COLOR_NAME = AccentColor;
				CODE_SIGN_STYLE = Automatic;
				CURRENT_PROJECT_VERSION = 0.1;
				DEVELOPMENT_TEAM = 99496FTLM8;
				GENERATE_INFOPLIST_FILE = YES;
				INFOPLIST_FILE = SATrackingSDKStandardExample/Info.plist;
				INFOPLIST_KEY_UIApplicationSupportsIndirectInputEvents = YES;
				INFOPLIST_KEY_UILaunchStoryboardName = LaunchScreen;
				INFOPLIST_KEY_UIMainStoryboardFile = Main;
				INFOPLIST_KEY_UISupportedInterfaceOrientations_iPad = "UIInterfaceOrientationPortrait UIInterfaceOrientationPortraitUpsideDown UIInterfaceOrientationLandscapeLeft UIInterfaceOrientationLandscapeRight";
				INFOPLIST_KEY_UISupportedInterfaceOrientations_iPhone = "UIInterfaceOrientationPortrait UIInterfaceOrientationLandscapeLeft UIInterfaceOrientationLandscapeRight";
				IPHONEOS_DEPLOYMENT_TARGET = 12.0;
				LD_RUNPATH_SEARCH_PATHS = (
					"$(inherited)",
					"@executable_path/Frameworks",
				);
				MARKETING_VERSION = 0.1;
				PRODUCT_BUNDLE_IDENTIFIER = tech.solutionarchitects.SATrackingSDKStandardExample;
				PRODUCT_NAME = "$(TARGET_NAME)";
				SWIFT_EMIT_LOC_STRINGS = YES;
				SWIFT_VERSION = 5.0;
				TARGETED_DEVICE_FAMILY = "1,2";
			};
			name = Release;
		};
/* End XCBuildConfiguration section */

/* Begin XCConfigurationList section */
		105B7BC3298A62D50006805F /* Build configuration list for PBXProject "SATrackingSDKStandardExample" */ = {
			isa = XCConfigurationList;
			buildConfigurations = (
				105B7BDA298A62D60006805F /* Debug */,
				105B7BDB298A62D60006805F /* Release */,
			);
			defaultConfigurationIsVisible = 0;
			defaultConfigurationName = Release;
		};
		105B7BDC298A62D60006805F /* Build configuration list for PBXNativeTarget "SATrackingSDKStandardExample" */ = {
			isa = XCConfigurationList;
			buildConfigurations = (
				105B7BDD298A62D60006805F /* Debug */,
				105B7BDE298A62D60006805F /* Release */,
			);
			defaultConfigurationIsVisible = 0;
			defaultConfigurationName = Release;
		};
/* End XCConfigurationList section */
	};
	rootObject = 105B7BC0298A62D50006805F /* Project object */;
}
